
Microsoft Visual Studio Solution File, Format Version 12.00
# Visual Studio Version 17
VisualStudioVersion = 17.3.32825.248
MinimumVisualStudioVersion = 10.0.40219.1
Project("{FAE04EC0-301F-11D3-BF4B-00C04F79EFBC}") = "Cviceni_s_cisly", "Cviceni_s_cisly\Cviceni_s_cisly.csproj", "{98BF2252-10AC-4E8A-9C80-DDD4C8634BBB}"
EndProject
Global
	GlobalSection(SolutionConfigurationPlatforms) = preSolution
		Debug|Any CPU = Debug|Any CPU
		Release|Any CPU = Release|Any CPU
	EndGlobalSection
	GlobalSection(ProjectConfigurationPlatforms) = postSolution
		{98BF2252-10AC-4E8A-9C80-DDD4C8634BBB}.Debug|Any CPU.ActiveCfg = Debug|Any CPU
		{98BF2252-10AC-4E8A-9C80-DDD4C8634BBB}.Debug|Any CPU.Build.0 = Debug|Any CPU
		{98BF2252-10AC-4E8A-9C80-DDD4C8634BBB}.Release|Any CPU.ActiveCfg = Release|Any CPU
		{98BF2252-10AC-4E8A-9C80-DDD4C8634BBB}.Release|Any CPU.Build.0 = Release|Any CPU
	EndGlobalSection
	GlobalSection(SolutionProperties) = preSolution
		HideSolutionNode = FALSE
	EndGlobalSection
	GlobalSection(ExtensibilityGlobals) = postSolution
		SolutionGuid = {22F1EE69-A96F-470D-B14F-872C89188BF8}
	EndGlobalSection
EndGlobal
